
Microsoft Visual Studio Solution File, Format Version 12.00
# Visual Studio Version 17
VisualStudioVersion = 17.9.34723.18
MinimumVisualStudioVersion = 10.0.40219.1
Project("{9A19103F-16F7-4668-BE54-9A1E7A4F7556}") = "VirtualizingStackPanelDuplicatesIssue", "VirtualizingStackPanelDuplicatesIssue\VirtualizingStackPanelDuplicatesIssue.csproj", "{ECB28FD2-1FC0-4E5F-A88F-06D2DF74B4B9}"
EndProject
Project("{9A19103F-16F7-4668-BE54-9A1E7A4F7556}") = "VirtualizingStackPanelDuplicatesIssue.Desktop", "VirtualizingStackPanelDuplicatesIssue.Desktop\VirtualizingStackPanelDuplicatesIssue.Desktop.csproj", "{7E451489-71E5-4A1C-B4E8-F93F6728FA99}"
EndProject
Global
	GlobalSection(SolutionConfigurationPlatforms) = preSolution
		Debug|Any CPU = Debug|Any CPU
		Release|Any CPU = Release|Any CPU
	EndGlobalSection
	GlobalSection(ProjectConfigurationPlatforms) = postSolution
		{ECB28FD2-1FC0-4E5F-A88F-06D2DF74B4B9}.Debug|Any CPU.ActiveCfg = Debug|Any CPU
		{ECB28FD2-1FC0-4E5F-A88F-06D2DF74B4B9}.Debug|Any CPU.Build.0 = Debug|Any CPU
		{ECB28FD2-1FC0-4E5F-A88F-06D2DF74B4B9}.Release|Any CPU.ActiveCfg = Release|Any CPU
		{ECB28FD2-1FC0-4E5F-A88F-06D2DF74B4B9}.Release|Any CPU.Build.0 = Release|Any CPU
		{7E451489-71E5-4A1C-B4E8-F93F6728FA99}.Debug|Any CPU.ActiveCfg = Debug|Any CPU
		{7E451489-71E5-4A1C-B4E8-F93F6728FA99}.Debug|Any CPU.Build.0 = Debug|Any CPU
		{7E451489-71E5-4A1C-B4E8-F93F6728FA99}.Release|Any CPU.ActiveCfg = Release|Any CPU
		{7E451489-71E5-4A1C-B4E8-F93F6728FA99}.Release|Any CPU.Build.0 = Release|Any CPU
	EndGlobalSection
	GlobalSection(SolutionProperties) = preSolution
		HideSolutionNode = FALSE
	EndGlobalSection
	GlobalSection(ExtensibilityGlobals) = postSolution
		SolutionGuid = {594588CB-F319-407E-A440-5A8BCA9CCFE5}
	EndGlobalSection
EndGlobal
